{
  "name": "jktools",
  "version": "1.0.0",
  "lockfileVersion": 2,
  "requires": true,
  "packages": {
    "": {
      "name": "jktools",
      "version": "1.0.0",
      "devDependencies": {
        "@gradio/client": "^0.4.1"
      }
    },
    "node_modules/@gradio/client": {
      "version": "0.4.1",
      "resolved": "https://bnpm.byted.org/@gradio/client/-/client-0.4.1.tgz",
      "integrity": "sha512-UJl81/lFM5QuU862BLqTGa9WcLcdJSgyRYPVQRWlpkmkBifc3q+1Nn0FJPgxcE2hPcJo+/axPVnNE7SAcsGmUg==",
      "dev": true,
      "license": "ISC",
      "dependencies": {
        "bufferutil": "^4.0.7",
        "semiver": "^1.1.0",
        "ws": "^8.13.0"
      },
      "engines": {
        "node": ">=18.0.0"
      }
    },
    "node_modules/bufferutil": {
      "version": "4.0.7",
      "resolved": "https://bnpm.byted.org/bufferutil/-/bufferutil-4.0.7.tgz",
      "integrity": "sha512-kukuqc39WOHtdxtw4UScxF/WVnMFVSQVKhtx3AjZJzhd0RGZZldcrfSEbVsWWe6KNH253574cq5F+wpv0G9pJw==",
      "dev": true,
      "hasInstallScript": true,
      "license": "MIT",
      "dependencies": {
        "node-gyp-build": "^4.3.0"
      },
      "engines": {
        "node": ">=6.14.2"
      }
    },
    "node_modules/node-gyp-build": {
      "version": "4.6.1",
      "resolved": "https://bnpm.byted.org/node-gyp-build/-/node-gyp-build-4.6.1.tgz",
      "integrity": "sha512-24vnklJmyRS8ViBNI8KbtK/r/DmXQMRiOMXTNz2nrTnAYUwjmEEbnnpB/+kt+yWRv73bPsSPRFddrcIbAxSiMQ==",
      "dev": true,
      "license": "MIT",
      "bin": {
        "node-gyp-build": "bin.js",
        "node-gyp-build-optional": "optional.js",
        "node-gyp-build-test": "build-test.js"
      }
    },
    "node_modules/semiver": {
      "version": "1.1.0",
      "resolved": "https://bnpm.byted.org/semiver/-/semiver-1.1.0.tgz",
      "integrity": "sha512-QNI2ChmuioGC1/xjyYwyZYADILWyW6AmS1UH6gDj/SFUUUS4MBAWs/7mxnkRPc/F4iHezDP+O8t0dO8WHiEOdg==",
      "dev": true,
      "license": "MIT",
      "engines": {
        "node": ">=6"
      }
    },
    "node_modules/ws": {
      "version": "8.14.2",
      "resolved": "https://bnpm.byted.org/ws/-/ws-8.14.2.tgz",
      "integrity": "sha512-wEBG1ftX4jcglPxgFCMJmZ2PLtSbJ2Peg6TmpJFTbe9GZYOQCDPdMYu/Tm0/bGZkw8paZnJY45J4K2PZrLYq8g==",
      "dev": true,
      "license": "MIT",
      "engines": {
        "node": ">=10.0.0"
      },
      "peerDependencies": {
        "bufferutil": "^4.0.1",
        "utf-8-validate": ">=5.0.2"
      },
      "peerDependenciesMeta": {
        "bufferutil": {
          "optional": true
        },
        "utf-8-validate": {
          "optional": true
        }
      }
    }
  },
  "dependencies": {
    "@gradio/client": {
      "version": "0.4.1",
      "resolved": "https://bnpm.byted.org/@gradio/client/-/client-0.4.1.tgz",
      "integrity": "sha512-UJl81/lFM5QuU862BLqTGa9WcLcdJSgyRYPVQRWlpkmkBifc3q+1Nn0FJPgxcE2hPcJo+/axPVnNE7SAcsGmUg==",
      "dev": true,
      "requires": {
        "bufferutil": "^4.0.7",
        "semiver": "^1.1.0",
        "ws": "^8.13.0"
      }
    },
    "bufferutil": {
      "version": "4.0.7",
      "resolved": "https://bnpm.byted.org/bufferutil/-/bufferutil-4.0.7.tgz",
      "integrity": "sha512-kukuqc39WOHtdxtw4UScxF/WVnMFVSQVKhtx3AjZJzhd0RGZZldcrfSEbVsWWe6KNH253574cq5F+wpv0G9pJw==",
      "dev": true,
      "requires": {
        "node-gyp-build": "^4.3.0"
      }
    },
    "node-gyp-build": {
      "version": "4.6.1",
      "resolved": "https://bnpm.byted.org/node-gyp-build/-/node-gyp-build-4.6.1.tgz",
      "integrity": "sha512-24vnklJmyRS8ViBNI8KbtK/r/DmXQMRiOMXTNz2nrTnAYUwjmEEbnnpB/+kt+yWRv73bPsSPRFddrcIbAxSiMQ==",
      "dev": true
    },
    "semiver": {
      "version": "1.1.0",
      "resolved": "https://bnpm.byted.org/semiver/-/semiver-1.1.0.tgz",
      "integrity": "sha512-QNI2ChmuioGC1/xjyYwyZYADILWyW6AmS1UH6gDj/SFUUUS4MBAWs/7mxnkRPc/F4iHezDP+O8t0dO8WHiEOdg==",
      "dev": true
    },
    "ws": {
      "version": "8.14.2",
      "resolved": "https://bnpm.byted.org/ws/-/ws-8.14.2.tgz",
      "integrity": "sha512-wEBG1ftX4jcglPxgFCMJmZ2PLtSbJ2Peg6TmpJFTbe9GZYOQCDPdMYu/Tm0/bGZkw8paZnJY45J4K2PZrLYq8g==",
      "dev": true,
      "requires": {}
    }
  }
}
